
Microsoft Visual Studio Solution File, Format Version 12.00
# Visual Studio Version 16
VisualStudioVersion = 16.0.29926.136
MinimumVisualStudioVersion = 10.0.40219.1
Project("{FAE04EC0-301F-11D3-BF4B-00C04F79EFBC}") = "OpenGL in CSharp", "OpenGL in CSharp\OpenGL in CSharp.csproj", "{0794B123-EA7D-4EB2-877F-EF675F5E63D5}"
EndProject
Project("{2150E333-8FDC-42A3-9474-1A3956D46DE8}") = "Solution Items", "Solution Items", "{D86EC065-7BA1-45D3-B6E0-5F30E20417F3}"
	ProjectSection(SolutionItems) = preProject
		GameObject.cs = GameObject.cs
		OpenGL in CSharp\lelouch.png = OpenGL in CSharp\lelouch.png
	EndProjectSection
EndProject
Global
	GlobalSection(SolutionConfigurationPlatforms) = preSolution
		Debug|Any CPU = Debug|Any CPU
		Release|Any CPU = Release|Any CPU
	EndGlobalSection
	GlobalSection(ProjectConfigurationPlatforms) = postSolution
		{0794B123-EA7D-4EB2-877F-EF675F5E63D5}.Debug|Any CPU.ActiveCfg = Debug|Any CPU
		{0794B123-EA7D-4EB2-877F-EF675F5E63D5}.Debug|Any CPU.Build.0 = Debug|Any CPU
		{0794B123-EA7D-4EB2-877F-EF675F5E63D5}.Release|Any CPU.ActiveCfg = Release|Any CPU
		{0794B123-EA7D-4EB2-877F-EF675F5E63D5}.Release|Any CPU.Build.0 = Release|Any CPU
	EndGlobalSection
	GlobalSection(SolutionProperties) = preSolution
		HideSolutionNode = FALSE
	EndGlobalSection
	GlobalSection(ExtensibilityGlobals) = postSolution
		SolutionGuid = {50310D9B-12DE-47DD-82A2-FF626736E96D}
	EndGlobalSection
EndGlobal
